
Microsoft Visual Studio Solution File, Format Version 12.00
# Visual Studio 15
VisualStudioVersion = 15.0.28307.421
MinimumVisualStudioVersion = 10.0.40219.1
Project("{FAE04EC0-301F-11D3-BF4B-00C04F79EFBC}") = "Estoque", "Estoque\Estoque.csproj", "{F6C26B43-87E3-44B2-A2B7-01E03BCF130F}"
EndProject
Global
	GlobalSection(SolutionConfigurationPlatforms) = preSolution
		Debug|Any CPU = Debug|Any CPU
		Release|Any CPU = Release|Any CPU
	EndGlobalSection
	GlobalSection(ProjectConfigurationPlatforms) = postSolution
		{F6C26B43-87E3-44B2-A2B7-01E03BCF130F}.Debug|Any CPU.ActiveCfg = Debug|Any CPU
		{F6C26B43-87E3-44B2-A2B7-01E03BCF130F}.Debug|Any CPU.Build.0 = Debug|Any CPU
		{F6C26B43-87E3-44B2-A2B7-01E03BCF130F}.Release|Any CPU.ActiveCfg = Release|Any CPU
		{F6C26B43-87E3-44B2-A2B7-01E03BCF130F}.Release|Any CPU.Build.0 = Release|Any CPU
	EndGlobalSection
	GlobalSection(SolutionProperties) = preSolution
		HideSolutionNode = FALSE
	EndGlobalSection
	GlobalSection(ExtensibilityGlobals) = postSolution
		SolutionGuid = {DA221326-3D46-4291-B0BA-904AFB11A239}
	EndGlobalSection
EndGlobal
