
Microsoft Visual Studio Solution File, Format Version 12.00
# Visual Studio 15
VisualStudioVersion = 15.0.28307.421
MinimumVisualStudioVersion = 10.0.40219.1
Project("{FAE04EC0-301F-11D3-BF4B-00C04F79EFBC}") = "ExtMethod", "ExtMethod\ExtMethod.csproj", "{A556C8C1-210A-494C-8321-F201F4257524}"
EndProject
Global
	GlobalSection(SolutionConfigurationPlatforms) = preSolution
		Debug|Any CPU = Debug|Any CPU
		Release|Any CPU = Release|Any CPU
	EndGlobalSection
	GlobalSection(ProjectConfigurationPlatforms) = postSolution
		{A556C8C1-210A-494C-8321-F201F4257524}.Debug|Any CPU.ActiveCfg = Debug|Any CPU
		{A556C8C1-210A-494C-8321-F201F4257524}.Debug|Any CPU.Build.0 = Debug|Any CPU
		{A556C8C1-210A-494C-8321-F201F4257524}.Release|Any CPU.ActiveCfg = Release|Any CPU
		{A556C8C1-210A-494C-8321-F201F4257524}.Release|Any CPU.Build.0 = Release|Any CPU
	EndGlobalSection
	GlobalSection(SolutionProperties) = preSolution
		HideSolutionNode = FALSE
	EndGlobalSection
	GlobalSection(ExtensibilityGlobals) = postSolution
		SolutionGuid = {010394A9-E108-4A0C-8DDE-65FD060EA54B}
	EndGlobalSection
EndGlobal
