
Microsoft Visual Studio Solution File, Format Version 12.00
# Visual Studio 15
VisualStudioVersion = 15.0.28307.421
MinimumVisualStudioVersion = 10.0.40219.1
Project("{FAE04EC0-301F-11D3-BF4B-00C04F79EFBC}") = "TipoDeDados", "TipoDeDados\TipoDeDados.csproj", "{E97B947B-505E-4CD1-AA9C-8770D69E8371}"
EndProject
Global
	GlobalSection(SolutionConfigurationPlatforms) = preSolution
		Debug|Any CPU = Debug|Any CPU
		Release|Any CPU = Release|Any CPU
	EndGlobalSection
	GlobalSection(ProjectConfigurationPlatforms) = postSolution
		{E97B947B-505E-4CD1-AA9C-8770D69E8371}.Debug|Any CPU.ActiveCfg = Debug|Any CPU
		{E97B947B-505E-4CD1-AA9C-8770D69E8371}.Debug|Any CPU.Build.0 = Debug|Any CPU
		{E97B947B-505E-4CD1-AA9C-8770D69E8371}.Release|Any CPU.ActiveCfg = Release|Any CPU
		{E97B947B-505E-4CD1-AA9C-8770D69E8371}.Release|Any CPU.Build.0 = Release|Any CPU
	EndGlobalSection
	GlobalSection(SolutionProperties) = preSolution
		HideSolutionNode = FALSE
	EndGlobalSection
	GlobalSection(ExtensibilityGlobals) = postSolution
		SolutionGuid = {35331E23-B38A-4BC7-82EF-04B7ADA448C6}
	EndGlobalSection
EndGlobal
