
Microsoft Visual Studio Solution File, Format Version 12.00
# Visual Studio 15
VisualStudioVersion = 15.0.28307.421
MinimumVisualStudioVersion = 10.0.40219.1
Project("{FAE04EC0-301F-11D3-BF4B-00C04F79EFBC}") = "Delegate", "Delegate\Delegate.csproj", "{DC60D818-9844-4B57-82E6-C96BA97EB498}"
EndProject
Global
	GlobalSection(SolutionConfigurationPlatforms) = preSolution
		Debug|Any CPU = Debug|Any CPU
		Release|Any CPU = Release|Any CPU
	EndGlobalSection
	GlobalSection(ProjectConfigurationPlatforms) = postSolution
		{DC60D818-9844-4B57-82E6-C96BA97EB498}.Debug|Any CPU.ActiveCfg = Debug|Any CPU
		{DC60D818-9844-4B57-82E6-C96BA97EB498}.Debug|Any CPU.Build.0 = Debug|Any CPU
		{DC60D818-9844-4B57-82E6-C96BA97EB498}.Release|Any CPU.ActiveCfg = Release|Any CPU
		{DC60D818-9844-4B57-82E6-C96BA97EB498}.Release|Any CPU.Build.0 = Release|Any CPU
	EndGlobalSection
	GlobalSection(SolutionProperties) = preSolution
		HideSolutionNode = FALSE
	EndGlobalSection
	GlobalSection(ExtensibilityGlobals) = postSolution
		SolutionGuid = {10EC4FAA-4557-46A9-AFB0-F1B2605DD377}
	EndGlobalSection
EndGlobal
