
Microsoft Visual Studio Solution File, Format Version 12.00
# Visual Studio 15
VisualStudioVersion = 15.0.28307.421
MinimumVisualStudioVersion = 10.0.40219.1
Project("{FAE04EC0-301F-11D3-BF4B-00C04F79EFBC}") = "Predicate", "Predicate\Predicate.csproj", "{7EF01487-ED10-4962-B8FE-6424D76223DA}"
EndProject
Global
	GlobalSection(SolutionConfigurationPlatforms) = preSolution
		Debug|Any CPU = Debug|Any CPU
		Release|Any CPU = Release|Any CPU
	EndGlobalSection
	GlobalSection(ProjectConfigurationPlatforms) = postSolution
		{7EF01487-ED10-4962-B8FE-6424D76223DA}.Debug|Any CPU.ActiveCfg = Debug|Any CPU
		{7EF01487-ED10-4962-B8FE-6424D76223DA}.Debug|Any CPU.Build.0 = Debug|Any CPU
		{7EF01487-ED10-4962-B8FE-6424D76223DA}.Release|Any CPU.ActiveCfg = Release|Any CPU
		{7EF01487-ED10-4962-B8FE-6424D76223DA}.Release|Any CPU.Build.0 = Release|Any CPU
	EndGlobalSection
	GlobalSection(SolutionProperties) = preSolution
		HideSolutionNode = FALSE
	EndGlobalSection
	GlobalSection(ExtensibilityGlobals) = postSolution
		SolutionGuid = {E71282BB-7235-4F76-A137-F18DE8726232}
	EndGlobalSection
EndGlobal
