
Microsoft Visual Studio Solution File, Format Version 12.00
# Visual Studio 15
VisualStudioVersion = 15.0.28307.421
MinimumVisualStudioVersion = 10.0.40219.1
Project("{FAE04EC0-301F-11D3-BF4B-00C04F79EFBC}") = "Heranca", "Heranca\Heranca.csproj", "{D7BE3B30-66C4-40F0-A867-70470661626C}"
EndProject
Global
	GlobalSection(SolutionConfigurationPlatforms) = preSolution
		Debug|Any CPU = Debug|Any CPU
		Release|Any CPU = Release|Any CPU
	EndGlobalSection
	GlobalSection(ProjectConfigurationPlatforms) = postSolution
		{D7BE3B30-66C4-40F0-A867-70470661626C}.Debug|Any CPU.ActiveCfg = Debug|Any CPU
		{D7BE3B30-66C4-40F0-A867-70470661626C}.Debug|Any CPU.Build.0 = Debug|Any CPU
		{D7BE3B30-66C4-40F0-A867-70470661626C}.Release|Any CPU.ActiveCfg = Release|Any CPU
		{D7BE3B30-66C4-40F0-A867-70470661626C}.Release|Any CPU.Build.0 = Release|Any CPU
	EndGlobalSection
	GlobalSection(SolutionProperties) = preSolution
		HideSolutionNode = FALSE
	EndGlobalSection
	GlobalSection(ExtensibilityGlobals) = postSolution
		SolutionGuid = {0193CB56-D1A6-46AD-8693-9DAB21C32E18}
	EndGlobalSection
EndGlobal
